
Microsoft Visual Studio Solution File, Format Version 12.00
# Visual Studio Version 16
VisualStudioVersion = 16.0.31321.278
MinimumVisualStudioVersion = 10.0.40219.1
Project("{FAE04EC0-301F-11D3-BF4B-00C04F79EFBC}") = "Test-automation", "Test-automation.csproj", "{38B5D809-BFE7-436D-B88A-BE9A8ECEF5EB}"
EndProject
Global
	GlobalSection(SolutionConfigurationPlatforms) = preSolution
		Debug|Any CPU = Debug|Any CPU
		Release|Any CPU = Release|Any CPU
	EndGlobalSection
	GlobalSection(ProjectConfigurationPlatforms) = postSolution
		{38B5D809-BFE7-436D-B88A-BE9A8ECEF5EB}.Debug|Any CPU.ActiveCfg = Debug|Any CPU
		{38B5D809-BFE7-436D-B88A-BE9A8ECEF5EB}.Debug|Any CPU.Build.0 = Debug|Any CPU
		{38B5D809-BFE7-436D-B88A-BE9A8ECEF5EB}.Release|Any CPU.ActiveCfg = Release|Any CPU
		{38B5D809-BFE7-436D-B88A-BE9A8ECEF5EB}.Release|Any CPU.Build.0 = Release|Any CPU
	EndGlobalSection
	GlobalSection(SolutionProperties) = preSolution
		HideSolutionNode = FALSE
	EndGlobalSection
	GlobalSection(ExtensibilityGlobals) = postSolution
		SolutionGuid = {052A62F2-9E44-4826-80A0-B361C61CA259}
	EndGlobalSection
EndGlobal
